
Microsoft Visual Studio Solution File, Format Version 12.00
# Visual Studio Version 17
VisualStudioVersion = 17.9.34728.123
MinimumVisualStudioVersion = 10.0.40219.1
Project("{9A19103F-16F7-4668-BE54-9A1E7A4F7556}") = "Practica OOP", "Practica OOP\Practica OOP.csproj", "{D44C26E1-0C4B-4210-A2E9-D917B6AAD95D}"
EndProject
Project("{9A19103F-16F7-4668-BE54-9A1E7A4F7556}") = "Practica SRP", "Practica SRP\Practica SRP.csproj", "{20BC66FD-03F9-437D-870B-888B64D1E8BF}"
EndProject
Project("{9A19103F-16F7-4668-BE54-9A1E7A4F7556}") = "Practica OCP", "Practica OCP\Practica OCP.csproj", "{21ED7EF4-9015-4018-8775-B79F1A44C980}"
EndProject
Project("{FAE04EC0-301F-11D3-BF4B-00C04F79EFBC}") = "Practica ISP", "Practica ISP\Practica ISP.csproj", "{940249EA-C214-49C2-A9AE-32B0B38B0468}"
EndProject
Global
	GlobalSection(SolutionConfigurationPlatforms) = preSolution
		Debug|Any CPU = Debug|Any CPU
		Release|Any CPU = Release|Any CPU
	EndGlobalSection
	GlobalSection(ProjectConfigurationPlatforms) = postSolution
		{D44C26E1-0C4B-4210-A2E9-D917B6AAD95D}.Debug|Any CPU.ActiveCfg = Debug|Any CPU
		{D44C26E1-0C4B-4210-A2E9-D917B6AAD95D}.Debug|Any CPU.Build.0 = Debug|Any CPU
		{D44C26E1-0C4B-4210-A2E9-D917B6AAD95D}.Release|Any CPU.ActiveCfg = Release|Any CPU
		{D44C26E1-0C4B-4210-A2E9-D917B6AAD95D}.Release|Any CPU.Build.0 = Release|Any CPU
		{20BC66FD-03F9-437D-870B-888B64D1E8BF}.Debug|Any CPU.ActiveCfg = Debug|Any CPU
		{20BC66FD-03F9-437D-870B-888B64D1E8BF}.Debug|Any CPU.Build.0 = Debug|Any CPU
		{20BC66FD-03F9-437D-870B-888B64D1E8BF}.Release|Any CPU.ActiveCfg = Release|Any CPU
		{20BC66FD-03F9-437D-870B-888B64D1E8BF}.Release|Any CPU.Build.0 = Release|Any CPU
		{21ED7EF4-9015-4018-8775-B79F1A44C980}.Debug|Any CPU.ActiveCfg = Debug|Any CPU
		{21ED7EF4-9015-4018-8775-B79F1A44C980}.Debug|Any CPU.Build.0 = Debug|Any CPU
		{21ED7EF4-9015-4018-8775-B79F1A44C980}.Release|Any CPU.ActiveCfg = Release|Any CPU
		{21ED7EF4-9015-4018-8775-B79F1A44C980}.Release|Any CPU.Build.0 = Release|Any CPU
		{940249EA-C214-49C2-A9AE-32B0B38B0468}.Debug|Any CPU.ActiveCfg = Debug|Any CPU
		{940249EA-C214-49C2-A9AE-32B0B38B0468}.Debug|Any CPU.Build.0 = Debug|Any CPU
		{940249EA-C214-49C2-A9AE-32B0B38B0468}.Release|Any CPU.ActiveCfg = Release|Any CPU
		{940249EA-C214-49C2-A9AE-32B0B38B0468}.Release|Any CPU.Build.0 = Release|Any CPU
	EndGlobalSection
	GlobalSection(SolutionProperties) = preSolution
		HideSolutionNode = FALSE
	EndGlobalSection
	GlobalSection(ExtensibilityGlobals) = postSolution
		SolutionGuid = {62A81278-94FA-48D9-9E20-818F44654D79}
	EndGlobalSection
EndGlobal
